
Microsoft Visual Studio Solution File, Format Version 12.00
# Visual Studio Version 16
VisualStudioVersion = 16.0.29215.179
MinimumVisualStudioVersion = 10.0.40219.1
Project("{FAE04EC0-301F-11D3-BF4B-00C04F79EFBC}") = "TU_Shortest_Path_In_Graph_Visualization", "TU_Shortest_Path_In_Graph_Visualization.csproj", "{4CAAF1F7-016B-46AB-8F95-F7C136354EFA}"
EndProject
Project("{FAE04EC0-301F-11D3-BF4B-00C04F79EFBC}") = "TU_Shortest_Path_In_Graph_Vizualisation.Models", "..\TU_Shortest_Path_In_Graph_Vizualisation.Models\TU_Shortest_Path_In_Graph_Vizualisation.Models.csproj", "{109AD29E-B46C-4AED-88D3-76C430F11D4F}"
EndProject
Project("{FAE04EC0-301F-11D3-BF4B-00C04F79EFBC}") = "TU_Shortest_Path_In_Graph_Visualization.IO", "..\TU_Shortest_Path_In_Graph_Visualization.IO\TU_Shortest_Path_In_Graph_Visualization.IO.csproj", "{099FC4F4-A106-4D24-920C-38B4912B9E93}"
EndProject
Project("{FAE04EC0-301F-11D3-BF4B-00C04F79EFBC}") = "TU_Shortest_Path_In_Graph_Vizualisation.Drawing", "..\TU_Shortest_Path_In_Graph_Vizualisation.Drawing\TU_Shortest_Path_In_Graph_Vizualisation.Drawing.csproj", "{0C055298-7C8B-43DB-B0BF-E3173B04FD8A}"
EndProject
Project("{FAE04EC0-301F-11D3-BF4B-00C04F79EFBC}") = "TU_Shortest_Path_In_Graph_Dijkstra", "..\TU_Shortest_Path_In_Graph_Dijkstra\TU_Shortest_Path_In_Graph_Dijkstra.csproj", "{C46813B2-032A-463D-B376-CEA303E98470}"
EndProject
Global
	GlobalSection(SolutionConfigurationPlatforms) = preSolution
		Debug|Any CPU = Debug|Any CPU
		Release|Any CPU = Release|Any CPU
	EndGlobalSection
	GlobalSection(ProjectConfigurationPlatforms) = postSolution
		{4CAAF1F7-016B-46AB-8F95-F7C136354EFA}.Debug|Any CPU.ActiveCfg = Debug|Any CPU
		{4CAAF1F7-016B-46AB-8F95-F7C136354EFA}.Debug|Any CPU.Build.0 = Debug|Any CPU
		{4CAAF1F7-016B-46AB-8F95-F7C136354EFA}.Release|Any CPU.ActiveCfg = Release|Any CPU
		{4CAAF1F7-016B-46AB-8F95-F7C136354EFA}.Release|Any CPU.Build.0 = Release|Any CPU
		{109AD29E-B46C-4AED-88D3-76C430F11D4F}.Debug|Any CPU.ActiveCfg = Debug|Any CPU
		{109AD29E-B46C-4AED-88D3-76C430F11D4F}.Debug|Any CPU.Build.0 = Debug|Any CPU
		{109AD29E-B46C-4AED-88D3-76C430F11D4F}.Release|Any CPU.ActiveCfg = Release|Any CPU
		{109AD29E-B46C-4AED-88D3-76C430F11D4F}.Release|Any CPU.Build.0 = Release|Any CPU
		{099FC4F4-A106-4D24-920C-38B4912B9E93}.Debug|Any CPU.ActiveCfg = Debug|Any CPU
		{099FC4F4-A106-4D24-920C-38B4912B9E93}.Debug|Any CPU.Build.0 = Debug|Any CPU
		{099FC4F4-A106-4D24-920C-38B4912B9E93}.Release|Any CPU.ActiveCfg = Release|Any CPU
		{099FC4F4-A106-4D24-920C-38B4912B9E93}.Release|Any CPU.Build.0 = Release|Any CPU
		{0C055298-7C8B-43DB-B0BF-E3173B04FD8A}.Debug|Any CPU.ActiveCfg = Debug|Any CPU
		{0C055298-7C8B-43DB-B0BF-E3173B04FD8A}.Debug|Any CPU.Build.0 = Debug|Any CPU
		{0C055298-7C8B-43DB-B0BF-E3173B04FD8A}.Release|Any CPU.ActiveCfg = Release|Any CPU
		{0C055298-7C8B-43DB-B0BF-E3173B04FD8A}.Release|Any CPU.Build.0 = Release|Any CPU
		{C46813B2-032A-463D-B376-CEA303E98470}.Debug|Any CPU.ActiveCfg = Debug|Any CPU
		{C46813B2-032A-463D-B376-CEA303E98470}.Debug|Any CPU.Build.0 = Debug|Any CPU
		{C46813B2-032A-463D-B376-CEA303E98470}.Release|Any CPU.ActiveCfg = Release|Any CPU
		{C46813B2-032A-463D-B376-CEA303E98470}.Release|Any CPU.Build.0 = Release|Any CPU
	EndGlobalSection
	GlobalSection(SolutionProperties) = preSolution
		HideSolutionNode = FALSE
	EndGlobalSection
	GlobalSection(ExtensibilityGlobals) = postSolution
		SolutionGuid = {018F8678-B4C8-4499-8B33-6B0B211FBA5E}
	EndGlobalSection
EndGlobal
